
Microsoft Visual Studio Solution File, Format Version 12.00
# Visual Studio 14
VisualStudioVersion = 14.0.25420.1
MinimumVisualStudioVersion = 10.0.40219.1
Project("{F184B08F-C81C-45F6-A57F-5ABD9991F28F}") = "Minecraft Json Creator", "json creator\Minecraft Json Creator.vbproj", "{69875A1C-6E47-48E4-B35E-A48D64DFC120}"
EndProject
Global
	GlobalSection(SolutionConfigurationPlatforms) = preSolution
		Debug|Any CPU = Debug|Any CPU
		Release|Any CPU = Release|Any CPU
		Software Release|Any CPU = Software Release|Any CPU
	EndGlobalSection
	GlobalSection(ProjectConfigurationPlatforms) = postSolution
		{69875A1C-6E47-48E4-B35E-A48D64DFC120}.Debug|Any CPU.ActiveCfg = Debug|Any CPU
		{69875A1C-6E47-48E4-B35E-A48D64DFC120}.Debug|Any CPU.Build.0 = Debug|Any CPU
		{69875A1C-6E47-48E4-B35E-A48D64DFC120}.Release|Any CPU.ActiveCfg = Release|Any CPU
		{69875A1C-6E47-48E4-B35E-A48D64DFC120}.Release|Any CPU.Build.0 = Release|Any CPU
		{69875A1C-6E47-48E4-B35E-A48D64DFC120}.Software Release|Any CPU.ActiveCfg = Software Release|Any CPU
		{69875A1C-6E47-48E4-B35E-A48D64DFC120}.Software Release|Any CPU.Build.0 = Software Release|Any CPU
		{69875A1C-6E47-48E4-B35E-A48D64DFC120}.Software Release|Any CPU.Deploy.0 = Software Release|Any CPU
	EndGlobalSection
	GlobalSection(SolutionProperties) = preSolution
		HideSolutionNode = FALSE
	EndGlobalSection
EndGlobal
